{
  "dependencies": {
    "bower": {
      "version": "1.2.7",
      "from": "bower@",
      "resolved": "https://registry.npmjs.org/bower/-/bower-1.2.7.tgz",
      "dependencies": {
        "abbrev": {
          "version": "1.0.4",
          "from": "abbrev@~1.0.4"
        },
        "archy": {
          "version": "0.0.2",
          "from": "archy@0.0.2",
          "resolved": "https://registry.npmjs.org/archy/-/archy-0.0.2.tgz"
        },
        "bower-config": {
          "version": "0.5.0",
          "from": "bower-config@~0.5.0",
          "resolved": "https://registry.npmjs.org/bower-config/-/bower-config-0.5.0.tgz",
          "dependencies": {
            "mout": {
              "version": "0.6.0",
              "from": "mout@~0.6.0",
              "resolved": "https://registry.npmjs.org/mout/-/mout-0.6.0.tgz"
            },
            "optimist": {
              "version": "0.6.0",
              "from": "optimist@~0.6.0",
              "resolved": "https://registry.npmjs.org/optimist/-/optimist-0.6.0.tgz",
              "dependencies": {
                "wordwrap": {
                  "version": "0.0.2",
                  "from": "wordwrap@~0.0.2"
                },
                "minimist": {
                  "version": "0.0.5",
                  "from": "minimist@~0.0.1",
                  "resolved": "https://registry.npmjs.org/minimist/-/minimist-0.0.5.tgz"
                }
              }
            }
          }
        },
        "bower-endpoint-parser": {
          "version": "0.2.1",
          "from": "bower-endpoint-parser@~0.2.0",
          "resolved": "https://registry.npmjs.org/bower-endpoint-parser/-/bower-endpoint-parser-0.2.1.tgz"
        },
        "bower-json": {
          "version": "0.4.0",
          "from": "bower-json@~0.4.0",
          "resolved": "https://registry.npmjs.org/bower-json/-/bower-json-0.4.0.tgz",
          "dependencies": {
            "deep-extend": {
              "version": "0.2.6",
              "from": "deep-extend@~0.2.5",
              "resolved": "https://registry.npmjs.org/deep-extend/-/deep-extend-0.2.6.tgz"
            },
            "intersect": {
              "version": "0.0.3",
              "from": "intersect@~0.0.3",
              "resolved": "https://registry.npmjs.org/intersect/-/intersect-0.0.3.tgz"
            }
          }
        },
        "bower-logger": {
          "version": "0.2.1",
          "from": "bower-logger@~0.2.1",
          "resolved": "https://registry.npmjs.org/bower-logger/-/bower-logger-0.2.1.tgz"
        },
        "bower-registry-client": {
          "version": "0.1.5",
          "from": "bower-registry-client@~0.1.4",
          "resolved": "https://registry.npmjs.org/bower-registry-client/-/bower-registry-client-0.1.5.tgz",
          "dependencies": {
            "async": {
              "version": "0.2.9",
              "from": "async@~0.2.8"
            },
            "bower-config": {
              "version": "0.4.5",
              "from": "bower-config@~0.4.3",
              "resolved": "https://registry.npmjs.org/bower-config/-/bower-config-0.4.5.tgz",
              "dependencies": {
                "mout": {
                  "version": "0.6.0",
                  "from": "mout@~0.6.0",
                  "resolved": "https://registry.npmjs.org/mout/-/mout-0.6.0.tgz"
                },
                "optimist": {
                  "version": "0.6.0",
                  "from": "optimist@~0.6.0",
                  "resolved": "https://registry.npmjs.org/optimist/-/optimist-0.6.0.tgz",
                  "dependencies": {
                    "wordwrap": {
                      "version": "0.0.2",
                      "from": "wordwrap@~0.0.2"
                    },
                    "minimist": {
                      "version": "0.0.5",
                      "from": "minimist@~0.0.1",
                      "resolved": "https://registry.npmjs.org/minimist/-/minimist-0.0.5.tgz"
                    }
                  }
                }
              }
            },
            "request-replay": {
              "version": "0.2.0",
              "from": "request-replay@~0.2.0",
              "resolved": "https://registry.npmjs.org/request-replay/-/request-replay-0.2.0.tgz"
            }
          }
        },
        "cardinal": {
          "version": "0.4.2",
          "from": "cardinal@~0.4.0",
          "resolved": "https://registry.npmjs.org/cardinal/-/cardinal-0.4.2.tgz",
          "dependencies": {
            "redeyed": {
              "version": "0.4.2",
              "from": "redeyed@~0.4.0",
              "resolved": "https://registry.npmjs.org/redeyed/-/redeyed-0.4.2.tgz",
              "dependencies": {
                "esprima": {
                  "version": "1.0.4",
                  "from": "esprima@~1.0.0",
                  "resolved": "https://registry.npmjs.org/esprima/-/esprima-1.0.4.tgz"
                }
              }
            },
            "ansicolors": {
              "version": "0.2.1",
              "from": "ansicolors@~0.2.1",
              "resolved": "https://registry.npmjs.org/ansicolors/-/ansicolors-0.2.1.tgz"
            }
          }
        },
        "chalk": {
          "version": "0.2.1",
          "from": "chalk@~0.2.0",
          "resolved": "https://registry.npmjs.org/chalk/-/chalk-0.2.1.tgz",
          "dependencies": {
            "has-color": {
              "version": "0.1.1",
              "from": "has-color@~0.1.0",
              "resolved": "https://registry.npmjs.org/has-color/-/has-color-0.1.1.tgz"
            },
            "ansi-styles": {
              "version": "0.2.0",
              "from": "ansi-styles@~0.2.0",
              "resolved": "https://registry.npmjs.org/ansi-styles/-/ansi-styles-0.2.0.tgz"
            }
          }
        },
        "chmodr": {
          "version": "0.1.0",
          "from": "chmodr@~0.1.0",
          "resolved": "https://registry.npmjs.org/chmodr/-/chmodr-0.1.0.tgz"
        },
        "fstream": {
          "version": "0.1.25",
          "from": "fstream@~0.1.22",
          "resolved": "https://registry.npmjs.org/fstream/-/fstream-0.1.25.tgz",
          "dependencies": {
            "inherits": {
              "version": "2.0.1",
              "from": "inherits@~2.0.0",
              "resolved": "https://registry.npmjs.org/inherits/-/inherits-2.0.1.tgz"
            }
          }
        },
        "fstream-ignore": {
          "version": "0.0.7",
          "from": "fstream-ignore@~0.0.6",
          "resolved": "https://registry.npmjs.org/fstream-ignore/-/fstream-ignore-0.0.7.tgz",
          "dependencies": {
            "minimatch": {
              "version": "0.2.12",
              "from": "minimatch@~0.2.11",
              "resolved": "https://registry.npmjs.org/minimatch/-/minimatch-0.2.12.tgz",
              "dependencies": {
                "sigmund": {
                  "version": "1.0.0",
                  "from": "sigmund@~1.0.0"
                }
              }
            },
            "inherits": {
              "version": "2.0.1",
              "from": "inherits@~2.0.0",
              "resolved": "https://registry.npmjs.org/inherits/-/inherits-2.0.1.tgz"
            }
          }
        },
        "glob": {
          "version": "3.2.7",
          "from": "glob@~3.2.1",
          "resolved": "https://registry.npmjs.org/glob/-/glob-3.2.7.tgz",
          "dependencies": {
            "minimatch": {
              "version": "0.2.12",
              "from": "minimatch@~0.2.11",
              "resolved": "https://registry.npmjs.org/minimatch/-/minimatch-0.2.12.tgz",
              "dependencies": {
                "sigmund": {
                  "version": "1.0.0",
                  "from": "sigmund@~1.0.0"
                }
              }
            },
            "inherits": {
              "version": "2.0.1",
              "from": "inherits@~2.0.0",
              "resolved": "https://registry.npmjs.org/inherits/-/inherits-2.0.1.tgz"
            }
          }
        },
        "graceful-fs": {
          "version": "2.0.1",
          "from": "graceful-fs@~2.0.0",
          "resolved": "https://registry.npmjs.org/graceful-fs/-/graceful-fs-2.0.1.tgz"
        },
        "handlebars": {
          "version": "1.0.12",
          "from": "handlebars@~1.0.11",
          "resolved": "https://registry.npmjs.org/handlebars/-/handlebars-1.0.12.tgz",
          "dependencies": {
            "optimist": {
              "version": "0.3.7",
              "from": "optimist@~0.3",
              "dependencies": {
                "wordwrap": {
                  "version": "0.0.2",
                  "from": "wordwrap@~0.0.2"
                }
              }
            },
            "uglify-js": {
              "version": "2.3.6",
              "from": "uglify-js@~2.3",
              "resolved": "https://registry.npmjs.org/uglify-js/-/uglify-js-2.3.6.tgz",
              "dependencies": {
                "async": {
                  "version": "0.2.9",
                  "from": "async@~0.2.6"
                },
                "source-map": {
                  "version": "0.1.31",
                  "from": "source-map@~0.1.7",
                  "resolved": "https://registry.npmjs.org/source-map/-/source-map-0.1.31.tgz",
                  "dependencies": {
                    "amdefine": {
                      "version": "0.1.0",
                      "from": "amdefine@>=0.0.4",
                      "resolved": "https://registry.npmjs.org/amdefine/-/amdefine-0.1.0.tgz"
                    }
                  }
                }
              }
            }
          }
        },
        "inquirer": {
          "version": "0.3.5",
          "from": "inquirer@~0.3.0",
          "resolved": "https://registry.npmjs.org/inquirer/-/inquirer-0.3.5.tgz",
          "dependencies": {
            "lodash": {
              "version": "1.2.1",
              "from": "lodash@~1.2.1",
              "resolved": "https://registry.npmjs.org/lodash/-/lodash-1.2.1.tgz"
            },
            "async": {
              "version": "0.2.9",
              "from": "async@~0.2.6"
            },
            "cli-color": {
              "version": "0.2.3",
              "from": "cli-color@~0.2.2",
              "resolved": "https://registry.npmjs.org/cli-color/-/cli-color-0.2.3.tgz",
              "dependencies": {
                "es5-ext": {
                  "version": "0.9.2",
                  "from": "es5-ext@~0.9.2",
                  "resolved": "https://registry.npmjs.org/es5-ext/-/es5-ext-0.9.2.tgz"
                },
                "memoizee": {
                  "version": "0.2.6",
                  "from": "memoizee@~0.2.5",
                  "resolved": "https://registry.npmjs.org/memoizee/-/memoizee-0.2.6.tgz",
                  "dependencies": {
                    "event-emitter": {
                      "version": "0.2.2",
                      "from": "event-emitter@~0.2.2",
                      "resolved": "https://registry.npmjs.org/event-emitter/-/event-emitter-0.2.2.tgz"
                    },
                    "next-tick": {
                      "version": "0.1.0",
                      "from": "next-tick@0.1.x",
                      "resolved": "https://registry.npmjs.org/next-tick/-/next-tick-0.1.0.tgz"
                    }
                  }
                }
              }
            },
            "mute-stream": {
              "version": "0.0.3",
              "from": "mute-stream@0.0.3",
              "resolved": "https://registry.npmjs.org/mute-stream/-/mute-stream-0.0.3.tgz"
            }
          }
        },
        "junk": {
          "version": "0.2.1",
          "from": "junk@~0.2.0",
          "resolved": "https://registry.npmjs.org/junk/-/junk-0.2.1.tgz"
        },
        "mkdirp": {
          "version": "0.3.5",
          "from": "mkdirp@~0.3.5"
        },
        "mout": {
          "version": "0.7.1",
          "from": "mout@~0.7.0",
          "resolved": "https://registry.npmjs.org/mout/-/mout-0.7.1.tgz"
        },
        "nopt": {
          "version": "2.1.2",
          "from": "nopt@~2.1.1",
          "resolved": "https://registry.npmjs.org/nopt/-/nopt-2.1.2.tgz"
        },
        "lru-cache": {
          "version": "2.3.1",
          "from": "lru-cache@~2.3.0",
          "resolved": "https://registry.npmjs.org/lru-cache/-/lru-cache-2.3.1.tgz"
        },
        "open": {
          "version": "0.0.4",
          "from": "open@~0.0.3",
          "resolved": "https://registry.npmjs.org/open/-/open-0.0.4.tgz"
        },
        "osenv": {
          "version": "0.0.3",
          "from": "osenv@0.0.3",
          "resolved": "https://registry.npmjs.org/osenv/-/osenv-0.0.3.tgz"
        },
        "promptly": {
          "version": "0.2.0",
          "from": "promptly@~0.2.0",
          "resolved": "https://registry.npmjs.org/promptly/-/promptly-0.2.0.tgz",
          "dependencies": {
            "read": {
              "version": "1.0.5",
              "from": "read@~1.0.4",
              "resolved": "https://registry.npmjs.org/read/-/read-1.0.5.tgz",
              "dependencies": {
                "mute-stream": {
                  "version": "0.0.4",
                  "from": "mute-stream@~0.0.4",
                  "resolved": "https://registry.npmjs.org/mute-stream/-/mute-stream-0.0.4.tgz"
                }
              }
            }
          }
        },
        "q": {
          "version": "0.9.7",
          "from": "q@~0.9.2",
          "resolved": "https://registry.npmjs.org/q/-/q-0.9.7.tgz"
        },
        "request": {
          "version": "2.27.0",
          "from": "request@~2.27.0",
          "dependencies": {
            "qs": {
              "version": "0.6.5",
              "from": "qs@~0.6.0"
            },
            "json-stringify-safe": {
              "version": "5.0.0",
              "from": "json-stringify-safe@~5.0.0",
              "resolved": "https://registry.npmjs.org/json-stringify-safe/-/json-stringify-safe-5.0.0.tgz"
            },
            "forever-agent": {
              "version": "0.5.0",
              "from": "forever-agent@~0.5.0",
              "resolved": "https://registry.npmjs.org/forever-agent/-/forever-agent-0.5.0.tgz"
            },
            "tunnel-agent": {
              "version": "0.3.0",
              "from": "tunnel-agent@~0.3.0",
              "resolved": "https://registry.npmjs.org/tunnel-agent/-/tunnel-agent-0.3.0.tgz"
            },
            "http-signature": {
              "version": "0.10.0",
              "from": "http-signature@~0.10.0",
              "resolved": "https://registry.npmjs.org/http-signature/-/http-signature-0.10.0.tgz",
              "dependencies": {
                "assert-plus": {
                  "version": "0.1.2",
                  "from": "assert-plus@0.1.2",
                  "resolved": "https://registry.npmjs.org/assert-plus/-/assert-plus-0.1.2.tgz"
                },
                "asn1": {
                  "version": "0.1.11",
                  "from": "asn1@0.1.11",
                  "resolved": "https://registry.npmjs.org/asn1/-/asn1-0.1.11.tgz"
                },
                "ctype": {
                  "version": "0.5.2",
                  "from": "ctype@0.5.2",
                  "resolved": "https://registry.npmjs.org/ctype/-/ctype-0.5.2.tgz"
                }
              }
            },
            "hawk": {
              "version": "1.0.0",
              "from": "hawk@~1.0.0",
              "resolved": "https://registry.npmjs.org/hawk/-/hawk-1.0.0.tgz",
              "dependencies": {
                "hoek": {
                  "version": "0.9.1",
                  "from": "hoek@0.9.x",
                  "resolved": "https://registry.npmjs.org/hoek/-/hoek-0.9.1.tgz"
                },
                "boom": {
                  "version": "0.4.2",
                  "from": "boom@0.4.x",
                  "resolved": "https://registry.npmjs.org/boom/-/boom-0.4.2.tgz"
                },
                "cryptiles": {
                  "version": "0.2.2",
                  "from": "cryptiles@0.2.x",
                  "resolved": "https://registry.npmjs.org/cryptiles/-/cryptiles-0.2.2.tgz"
                },
                "sntp": {
                  "version": "0.2.4",
                  "from": "sntp@0.2.x",
                  "resolved": "https://registry.npmjs.org/sntp/-/sntp-0.2.4.tgz"
                }
              }
            },
            "aws-sign": {
              "version": "0.3.0",
              "from": "aws-sign@~0.3.0",
              "resolved": "https://registry.npmjs.org/aws-sign/-/aws-sign-0.3.0.tgz"
            },
            "oauth-sign": {
              "version": "0.3.0",
              "from": "oauth-sign@~0.3.0",
              "resolved": "https://registry.npmjs.org/oauth-sign/-/oauth-sign-0.3.0.tgz"
            },
            "cookie-jar": {
              "version": "0.3.0",
              "from": "cookie-jar@~0.3.0",
              "resolved": "https://registry.npmjs.org/cookie-jar/-/cookie-jar-0.3.0.tgz"
            },
            "node-uuid": {
              "version": "1.4.1",
              "from": "node-uuid@~1.4.0",
              "resolved": "https://registry.npmjs.org/node-uuid/-/node-uuid-1.4.1.tgz"
            },
            "mime": {
              "version": "1.2.11",
              "from": "mime@~1.2.9"
            },
            "form-data": {
              "version": "0.1.2",
              "from": "form-data@~0.1.0",
              "resolved": "https://registry.npmjs.org/form-data/-/form-data-0.1.2.tgz",
              "dependencies": {
                "combined-stream": {
                  "version": "0.0.4",
                  "from": "combined-stream@~0.0.4",
                  "resolved": "https://registry.npmjs.org/combined-stream/-/combined-stream-0.0.4.tgz",
                  "dependencies": {
                    "delayed-stream": {
                      "version": "0.0.5",
                      "from": "delayed-stream@0.0.5",
                      "resolved": "https://registry.npmjs.org/delayed-stream/-/delayed-stream-0.0.5.tgz"
                    }
                  }
                },
                "async": {
                  "version": "0.2.9",
                  "from": "async@~0.2.6"
                }
              }
            }
          }
        },
        "request-progress": {
          "version": "0.3.1",
          "from": "request-progress@~0.3.0",
          "resolved": "https://registry.npmjs.org/request-progress/-/request-progress-0.3.1.tgz",
          "dependencies": {
            "throttleit": {
              "version": "0.0.2",
              "from": "throttleit@~0.0.2",
              "resolved": "https://registry.npmjs.org/throttleit/-/throttleit-0.0.2.tgz"
            }
          }
        },
        "retry": {
          "version": "0.6.0",
          "from": "retry@~0.6.0",
          "resolved": "https://registry.npmjs.org/retry/-/retry-0.6.0.tgz"
        },
        "rimraf": {
          "version": "2.2.2",
          "from": "rimraf@~2.2.0",
          "resolved": "https://registry.npmjs.org/rimraf/-/rimraf-2.2.2.tgz"
        },
        "semver": {
          "version": "2.1.0",
          "from": "semver@~2.1.0",
          "resolved": "https://registry.npmjs.org/semver/-/semver-2.1.0.tgz"
        },
        "stringify-object": {
          "version": "0.1.7",
          "from": "stringify-object@~0.1.4",
          "resolved": "https://registry.npmjs.org/stringify-object/-/stringify-object-0.1.7.tgz"
        },
        "sudo-block": {
          "version": "0.2.1",
          "from": "sudo-block@~0.2.0",
          "resolved": "https://registry.npmjs.org/sudo-block/-/sudo-block-0.2.1.tgz",
          "dependencies": {
            "chalk": {
              "version": "0.1.1",
              "from": "chalk@~0.1.1",
              "resolved": "https://registry.npmjs.org/chalk/-/chalk-0.1.1.tgz",
              "dependencies": {
                "has-color": {
                  "version": "0.1.1",
                  "from": "has-color@~0.1.0",
                  "resolved": "https://registry.npmjs.org/has-color/-/has-color-0.1.1.tgz"
                },
                "ansi-styles": {
                  "version": "0.1.2",
                  "from": "ansi-styles@~0.1.0",
                  "resolved": "https://registry.npmjs.org/ansi-styles/-/ansi-styles-0.1.2.tgz"
                }
              }
            }
          }
        },
        "tar": {
          "version": "0.1.18",
          "from": "tar@~0.1.17",
          "resolved": "https://registry.npmjs.org/tar/-/tar-0.1.18.tgz",
          "dependencies": {
            "inherits": {
              "version": "2.0.1",
              "from": "inherits@~2.0.0",
              "resolved": "https://registry.npmjs.org/inherits/-/inherits-2.0.1.tgz"
            },
            "block-stream": {
              "version": "0.0.7",
              "from": "block-stream@*",
              "resolved": "https://registry.npmjs.org/block-stream/-/block-stream-0.0.7.tgz"
            }
          }
        },
        "tmp": {
          "version": "0.0.21",
          "from": "tmp@~0.0.20",
          "resolved": "https://registry.npmjs.org/tmp/-/tmp-0.0.21.tgz"
        },
        "unzip": {
          "version": "0.1.9",
          "from": "unzip@~0.1.7",
          "resolved": "https://registry.npmjs.org/unzip/-/unzip-0.1.9.tgz",
          "dependencies": {
            "pullstream": {
              "version": "0.4.0",
              "from": "pullstream@~0.4.0",
              "resolved": "https://registry.npmjs.org/pullstream/-/pullstream-0.4.0.tgz",
              "dependencies": {
                "over": {
                  "version": "0.0.5",
                  "from": "over@~0.0.5"
                },
                "slice-stream": {
                  "version": "0.0.0",
                  "from": "slice-stream@0.0.0",
                  "resolved": "https://registry.npmjs.org/slice-stream/-/slice-stream-0.0.0.tgz"
                }
              }
            },
            "binary": {
              "version": "0.3.0",
              "from": "binary@~0.3.0",
              "dependencies": {
                "chainsaw": {
                  "version": "0.1.0",
                  "from": "chainsaw@~0.1.0",
                  "dependencies": {
                    "traverse": {
                      "version": "0.3.9",
                      "from": "traverse@>=0.3.0 <0.4"
                    }
                  }
                },
                "buffers": {
                  "version": "0.1.1",
                  "from": "buffers@~0.1.1"
                }
              }
            },
            "readable-stream": {
              "version": "1.0.17",
              "from": "readable-stream@~1.0.0",
              "resolved": "https://registry.npmjs.org/readable-stream/-/readable-stream-1.0.17.tgz"
            },
            "setimmediate": {
              "version": "1.0.1",
              "from": "setimmediate@~1.0.1"
            },
            "match-stream": {
              "version": "0.0.2",
              "from": "match-stream@~0.0.2",
              "resolved": "https://registry.npmjs.org/match-stream/-/match-stream-0.0.2.tgz",
              "dependencies": {
                "buffers": {
                  "version": "0.1.1",
                  "from": "buffers@~0.1.1"
                }
              }
            }
          }
        },
        "update-notifier": {
          "version": "0.1.7",
          "from": "update-notifier@~0.1.3",
          "resolved": "https://registry.npmjs.org/update-notifier/-/update-notifier-0.1.7.tgz",
          "dependencies": {
            "configstore": {
              "version": "0.1.5",
              "from": "configstore@~0.1.0",
              "resolved": "https://registry.npmjs.org/configstore/-/configstore-0.1.5.tgz",
              "dependencies": {
                "lodash": {
                  "version": "1.3.1",
                  "from": "lodash@~1.3.0",
                  "resolved": "https://registry.npmjs.org/lodash/-/lodash-1.3.1.tgz"
                },
                "js-yaml": {
                  "version": "2.1.3",
                  "from": "js-yaml@~2.1.0",
                  "resolved": "https://registry.npmjs.org/js-yaml/-/js-yaml-2.1.3.tgz",
                  "dependencies": {
                    "argparse": {
                      "version": "0.1.15",
                      "from": "argparse@~ 0.1.11",
                      "resolved": "https://registry.npmjs.org/argparse/-/argparse-0.1.15.tgz",
                      "dependencies": {
                        "underscore": {
                          "version": "1.4.4",
                          "from": "underscore@~1.4.3",
                          "resolved": "https://registry.npmjs.org/underscore/-/underscore-1.4.4.tgz"
                        },
                        "underscore.string": {
                          "version": "2.3.3",
                          "from": "underscore.string@~2.3.1",
                          "resolved": "https://registry.npmjs.org/underscore.string/-/underscore.string-2.3.3.tgz"
                        }
                      }
                    },
                    "esprima": {
                      "version": "1.0.4",
                      "from": "esprima@~ 1.0.2",
                      "resolved": "https://registry.npmjs.org/esprima/-/esprima-1.0.4.tgz"
                    }
                  }
                }
              }
            }
          }
        },
        "which": {
          "version": "1.0.5",
          "from": "which@~1.0.5",
          "resolved": "https://registry.npmjs.org/which/-/which-1.0.5.tgz"
        }
      }
    }
  }
}
